# This file is automatically @generated by Cargo.
# It is not intended for manual editing.
version = 4

[[package]]
name = "bitset"
version = "0.1.0"
dependencies = [
 "roaring",
]

[[package]]
name = "bytemuck"
version = "1.25.0"
source = "registry+https://github.com/rust-lang/crates.io-index"
checksum = "c8efb64bd706a16a1bdde310ae86b351e4d21550d98d056f22f8a7f7a2183fec"

[[package]]
name = "byteorder"
version = "1.5.0"
source = "registry+https://github.com/rust-lang/crates.io-index"
checksum = "1fd0f2584146f6f2ef48085050886acf353beff7305ebd1ae69500e27c67f64b"

[[package]]
name = "roaring"
version = "0.11.3"
source = "registry+https://github.com/rust-lang/crates.io-index"
checksum = "8ba9ce64a8f45d7fc86358410bb1a82e8c987504c0d4900e9141d69a9f26c885"
dependencies = [
 "bytemuck",
 "byteorder",
]
